// !$*UTF8*$!
{
	archiveVersion = 1;
	classes = {
	};
	objectVersion = 54;
	objects = {

/* Begin PBXBuildFile section */
		C5503A3C26BA82580002012B /* AppDelegate.swift in Sources */ = {isa = PBXBuildFile; fileRef = C5503A3B26BA82580002012B /* AppDelegate.swift */; };
		C5503A4026BA82580002012B /* ViewController.swift in Sources */ = {isa = PBXBuildFile; fileRef = C5503A3F26BA82580002012B /* ViewController.swift */; };
		C5503A4326BA82580002012B /* Main.storyboard in Resources */ = {isa = PBXBuildFile; fileRef = C5503A4126BA82580002012B /* Main.storyboard */; };
		C5503A4526BA825F0002012B /* Assets.xcassets in Resources */ = {isa = PBXBuildFile; fileRef = C5503A4426BA825F0002012B /* Assets.xcassets */; };
		C5503A4826BA825F0002012B /* LaunchScreen.storyboard in Resources */ = {isa = PBXBuildFile; fileRef = C5503A4626BA825F0002012B /* LaunchScreen.storyboard */; };
		C5503A5026BAECF70002012B /* ApplePayVС.swift in Sources */ = {isa = PBXBuildFile; fileRef = C5503A4F26BAECF60002012B /* ApplePayVС.swift */; };
		D07234D42934B01B0002765C /* UIAlertAction+Ext.swift in Sources */ = {isa = PBXBuildFile; fileRef = D07234D32934B01B0002765C /* UIAlertAction+Ext.swift */; };
		D07234D62934B02E0002765C /* UIViewController+Ext.swift in Sources */ = {isa = PBXBuildFile; fileRef = D07234D52934B02E0002765C /* UIViewController+Ext.swift */; };
		D07234D82934D45A0002765C /* EmptyCreditCardListView.xib in Resources */ = {isa = PBXBuildFile; fileRef = D07234D72934D45A0002765C /* EmptyCreditCardListView.xib */; };
		D07234DA2934D46C0002765C /* EmptyCreditCardListView.swift in Sources */ = {isa = PBXBuildFile; fileRef = D07234D92934D46C0002765C /* EmptyCreditCardListView.swift */; };
		D07234DC2934D4AA0002765C /* NSObject+Ext.swift in Sources */ = {isa = PBXBuildFile; fileRef = D07234DB2934D4AA0002765C /* NSObject+Ext.swift */; };
		D07234DE2934DAF50002765C /* AmountTextField.swift in Sources */ = {isa = PBXBuildFile; fileRef = D07234DD2934DAF50002765C /* AmountTextField.swift */; };
		D07234E02934E4820002765C /* ShouldChangeCharacterModel.swift in Sources */ = {isa = PBXBuildFile; fileRef = D07234DF2934E4820002765C /* ShouldChangeCharacterModel.swift */; };
		D07234E52934E4B20002765C /* SCCModelFabric.swift in Sources */ = {isa = PBXBuildFile; fileRef = D07234E42934E4B20002765C /* SCCModelFabric.swift */; };
		D07234E72934EDE10002765C /* CharacterSet+Ext.swift in Sources */ = {isa = PBXBuildFile; fileRef = D07234E62934EDE10002765C /* CharacterSet+Ext.swift */; };
		D0A795E3292BC9010007BB96 /* ServerNetworkManager.swift in Sources */ = {isa = PBXBuildFile; fileRef = D0A795E2292BC9010007BB96 /* ServerNetworkManager.swift */; };
		D0A795E6292BCB280007BB96 /* URLRequestBuilder.swift in Sources */ = {isa = PBXBuildFile; fileRef = D0A795E5292BCB280007BB96 /* URLRequestBuilder.swift */; };
		D0A795E8292BD3250007BB96 /* ProviderManager.swift in Sources */ = {isa = PBXBuildFile; fileRef = D0A795E7292BD3250007BB96 /* ProviderManager.swift */; };
		D0A795EB292F7EBF0007BB96 /* CustomerProvider.swift in Sources */ = {isa = PBXBuildFile; fileRef = D0A795EA292F7EBF0007BB96 /* CustomerProvider.swift */; };
		D0A795ED292F846A0007BB96 /* PaymentIntentProvider.swift in Sources */ = {isa = PBXBuildFile; fileRef = D0A795EC292F846A0007BB96 /* PaymentIntentProvider.swift */; };
		D0A795F0292F923B0007BB96 /* Customer.swift in Sources */ = {isa = PBXBuildFile; fileRef = D0A795EF292F923B0007BB96 /* Customer.swift */; };
		D0A795F2292F92A10007BB96 /* CreatePaymentIntent.swift in Sources */ = {isa = PBXBuildFile; fileRef = D0A795F1292F92A10007BB96 /* CreatePaymentIntent.swift */; };
		D0A795F4292F92B60007BB96 /* CustomerResponse.swift in Sources */ = {isa = PBXBuildFile; fileRef = D0A795F3292F92B60007BB96 /* CustomerResponse.swift */; };
		D0A795F6292F92C50007BB96 /* PaymentIntent.swift in Sources */ = {isa = PBXBuildFile; fileRef = D0A795F5292F92C50007BB96 /* PaymentIntent.swift */; };
		D0A795F8292FA4930007BB96 /* Constants.swift in Sources */ = {isa = PBXBuildFile; fileRef = D0A795F7292FA4930007BB96 /* Constants.swift */; };
		D0A795FA292FBDD20007BB96 /* PayViaCCVC.swift in Sources */ = {isa = PBXBuildFile; fileRef = D0A795F9292FBDD20007BB96 /* PayViaCCVC.swift */; };
		D0DE247B292FCB2600553CB4 /* ProgressHUD.swift in Sources */ = {isa = PBXBuildFile; fileRef = D0DE247A292FCB2600553CB4 /* ProgressHUD.swift */; };
		D0DE2484292FD61200553CB4 /* Localizable.strings in Resources */ = {isa = PBXBuildFile; fileRef = D0DE2486292FD61200553CB4 /* Localizable.strings */; };
		D0DE248B292FD7AB00553CB4 /* R.generated.swift in Sources */ = {isa = PBXBuildFile; fileRef = D0DE248A292FD7AB00553CB4 /* R.generated.swift */; };
		D0DE248D2931112F00553CB4 /* PaymentMethodsProvider.swift in Sources */ = {isa = PBXBuildFile; fileRef = D0DE248C2931112F00553CB4 /* PaymentMethodsProvider.swift */; };
		D0DE248F2931114600553CB4 /* CreditCard.swift in Sources */ = {isa = PBXBuildFile; fileRef = D0DE248E2931114600553CB4 /* CreditCard.swift */; };
		D0DE24912931115300553CB4 /* PaymentMethodsResponse.swift in Sources */ = {isa = PBXBuildFile; fileRef = D0DE24902931115300553CB4 /* PaymentMethodsResponse.swift */; };
		D0DE24932931127E00553CB4 /* CreditCardListVC.swift in Sources */ = {isa = PBXBuildFile; fileRef = D0DE24922931127E00553CB4 /* CreditCardListVC.swift */; };
		D0DE2495293113C200553CB4 /* UIRefreshControlExtension.swift in Sources */ = {isa = PBXBuildFile; fileRef = D0DE2494293113C200553CB4 /* UIRefreshControlExtension.swift */; };
		D0EE75F5292BAF1A005D3094 /* Pods_StripeTestApp.framework in Frameworks */ = {isa = PBXBuildFile; fileRef = 31B3AEFBAB73F7EC28FA8DD8 /* Pods_StripeTestApp.framework */; };
/* End PBXBuildFile section */

/* Begin PBXFileReference section */
		31B3AEFBAB73F7EC28FA8DD8 /* Pods_StripeTestApp.framework */ = {isa = PBXFileReference; explicitFileType = wrapper.framework; includeInIndex = 0; path = Pods_StripeTestApp.framework; sourceTree = BUILT_PRODUCTS_DIR; };
		A0393525177716BFF560B185 /* Pods-StripeTestApp.debug.xcconfig */ = {isa = PBXFileReference; includeInIndex = 1; lastKnownFileType = text.xcconfig; name = "Pods-StripeTestApp.debug.xcconfig"; path = "Target Support Files/Pods-StripeTestApp/Pods-StripeTestApp.debug.xcconfig"; sourceTree = "<group>"; };
		A5035603BDF115D26D811066 /* Pods-StripeTestApp.release.xcconfig */ = {isa = PBXFileReference; includeInIndex = 1; lastKnownFileType = text.xcconfig; name = "Pods-StripeTestApp.release.xcconfig"; path = "Target Support Files/Pods-StripeTestApp/Pods-StripeTestApp.release.xcconfig"; sourceTree = "<group>"; };
		C5503A3826BA82580002012B /* StripeTestApp.app */ = {isa = PBXFileReference; explicitFileType = wrapper.application; includeInIndex = 0; path = StripeTestApp.app; sourceTree = BUILT_PRODUCTS_DIR; };
		C5503A3B26BA82580002012B /* AppDelegate.swift */ = {isa = PBXFileReference; lastKnownFileType = sourcecode.swift; path = AppDelegate.swift; sourceTree = "<group>"; };
		C5503A3F26BA82580002012B /* ViewController.swift */ = {isa = PBXFileReference; lastKnownFileType = sourcecode.swift; path = ViewController.swift; sourceTree = "<group>"; };
		C5503A4426BA825F0002012B /* Assets.xcassets */ = {isa = PBXFileReference; lastKnownFileType = folder.assetcatalog; path = Assets.xcassets; sourceTree = "<group>"; };
		C5503A4926BA825F0002012B /* Info.plist */ = {isa = PBXFileReference; lastKnownFileType = text.plist.xml; path = Info.plist; sourceTree = "<group>"; };
		C5503A4F26BAECF60002012B /* ApplePayVС.swift */ = {isa = PBXFileReference; lastKnownFileType = sourcecode.swift; path = "ApplePayVС.swift"; sourceTree = "<group>"; };
		C5503A5326BD33FF0002012B /* StripeTestApp.entitlements */ = {isa = PBXFileReference; fileEncoding = 4; lastKnownFileType = text.plist.entitlements; path = StripeTestApp.entitlements; sourceTree = "<group>"; };
		D07234D32934B01B0002765C /* UIAlertAction+Ext.swift */ = {isa = PBXFileReference; lastKnownFileType = sourcecode.swift; path = "UIAlertAction+Ext.swift"; sourceTree = "<group>"; };
		D07234D52934B02E0002765C /* UIViewController+Ext.swift */ = {isa = PBXFileReference; lastKnownFileType = sourcecode.swift; path = "UIViewController+Ext.swift"; sourceTree = "<group>"; };
		D07234D72934D45A0002765C /* EmptyCreditCardListView.xib */ = {isa = PBXFileReference; lastKnownFileType = file.xib; path = EmptyCreditCardListView.xib; sourceTree = "<group>"; };
		D07234D92934D46C0002765C /* EmptyCreditCardListView.swift */ = {isa = PBXFileReference; lastKnownFileType = sourcecode.swift; path = EmptyCreditCardListView.swift; sourceTree = "<group>"; };
		D07234DB2934D4AA0002765C /* NSObject+Ext.swift */ = {isa = PBXFileReference; lastKnownFileType = sourcecode.swift; path = "NSObject+Ext.swift"; sourceTree = "<group>"; };
		D07234DD2934DAF50002765C /* AmountTextField.swift */ = {isa = PBXFileReference; lastKnownFileType = sourcecode.swift; path = AmountTextField.swift; sourceTree = "<group>"; };
		D07234DF2934E4820002765C /* ShouldChangeCharacterModel.swift */ = {isa = PBXFileReference; lastKnownFileType = sourcecode.swift; path = ShouldChangeCharacterModel.swift; sourceTree = "<group>"; };
		D07234E42934E4B20002765C /* SCCModelFabric.swift */ = {isa = PBXFileReference; lastKnownFileType = sourcecode.swift; path = SCCModelFabric.swift; sourceTree = "<group>"; };
		D07234E62934EDE10002765C /* CharacterSet+Ext.swift */ = {isa = PBXFileReference; lastKnownFileType = sourcecode.swift; path = "CharacterSet+Ext.swift"; sourceTree = "<group>"; };
		D0A795E2292BC9010007BB96 /* ServerNetworkManager.swift */ = {isa = PBXFileReference; lastKnownFileType = sourcecode.swift; path = ServerNetworkManager.swift; sourceTree = "<group>"; };
		D0A795E5292BCB280007BB96 /* URLRequestBuilder.swift */ = {isa = PBXFileReference; lastKnownFileType = sourcecode.swift; path = URLRequestBuilder.swift; sourceTree = "<group>"; };
		D0A795E7292BD3250007BB96 /* ProviderManager.swift */ = {isa = PBXFileReference; lastKnownFileType = sourcecode.swift; path = ProviderManager.swift; sourceTree = "<group>"; };
		D0A795EA292F7EBF0007BB96 /* CustomerProvider.swift */ = {isa = PBXFileReference; lastKnownFileType = sourcecode.swift; path = CustomerProvider.swift; sourceTree = "<group>"; };
		D0A795EC292F846A0007BB96 /* PaymentIntentProvider.swift */ = {isa = PBXFileReference; lastKnownFileType = sourcecode.swift; path = PaymentIntentProvider.swift; sourceTree = "<group>"; };
		D0A795EF292F923B0007BB96 /* Customer.swift */ = {isa = PBXFileReference; lastKnownFileType = sourcecode.swift; path = Customer.swift; sourceTree = "<group>"; };
		D0A795F1292F92A10007BB96 /* CreatePaymentIntent.swift */ = {isa = PBXFileReference; lastKnownFileType = sourcecode.swift; path = CreatePaymentIntent.swift; sourceTree = "<group>"; };
		D0A795F3292F92B60007BB96 /* CustomerResponse.swift */ = {isa = PBXFileReference; lastKnownFileType = sourcecode.swift; path = CustomerResponse.swift; sourceTree = "<group>"; };
		D0A795F5292F92C50007BB96 /* PaymentIntent.swift */ = {isa = PBXFileReference; lastKnownFileType = sourcecode.swift; path = PaymentIntent.swift; sourceTree = "<group>"; };
		D0A795F7292FA4930007BB96 /* Constants.swift */ = {isa = PBXFileReference; lastKnownFileType = sourcecode.swift; path = Constants.swift; sourceTree = "<group>"; };
		D0A795F9292FBDD20007BB96 /* PayViaCCVC.swift */ = {isa = PBXFileReference; lastKnownFileType = sourcecode.swift; path = PayViaCCVC.swift; sourceTree = "<group>"; };
		D0DE247A292FCB2600553CB4 /* ProgressHUD.swift */ = {isa = PBXFileReference; lastKnownFileType = sourcecode.swift; path = ProgressHUD.swift; sourceTree = "<group>"; };
		D0DE247E292FD59B00553CB4 /* Base */ = {isa = PBXFileReference; lastKnownFileType = file.storyboard; name = Base; path = Base.lproj/Main.storyboard; sourceTree = "<group>"; };
		D0DE247F292FD59B00553CB4 /* Base */ = {isa = PBXFileReference; lastKnownFileType = file.storyboard; name = Base; path = Base.lproj/LaunchScreen.storyboard; sourceTree = "<group>"; };
		D0DE2485292FD61200553CB4 /* en */ = {isa = PBXFileReference; lastKnownFileType = text.plist.strings; name = en; path = en.lproj/Localizable.strings; sourceTree = "<group>"; };
		D0DE248A292FD7AB00553CB4 /* R.generated.swift */ = {isa = PBXFileReference; fileEncoding = 4; lastKnownFileType = sourcecode.swift; path = R.generated.swift; sourceTree = "<group>"; };
		D0DE248C2931112F00553CB4 /* PaymentMethodsProvider.swift */ = {isa = PBXFileReference; lastKnownFileType = sourcecode.swift; path = PaymentMethodsProvider.swift; sourceTree = "<group>"; };
		D0DE248E2931114600553CB4 /* CreditCard.swift */ = {isa = PBXFileReference; lastKnownFileType = sourcecode.swift; path = CreditCard.swift; sourceTree = "<group>"; };
		D0DE24902931115300553CB4 /* PaymentMethodsResponse.swift */ = {isa = PBXFileReference; lastKnownFileType = sourcecode.swift; path = PaymentMethodsResponse.swift; sourceTree = "<group>"; };
		D0DE24922931127E00553CB4 /* CreditCardListVC.swift */ = {isa = PBXFileReference; lastKnownFileType = sourcecode.swift; path = CreditCardListVC.swift; sourceTree = "<group>"; };
		D0DE2494293113C200553CB4 /* UIRefreshControlExtension.swift */ = {isa = PBXFileReference; lastKnownFileType = sourcecode.swift; path = UIRefreshControlExtension.swift; sourceTree = "<group>"; };
/* End PBXFileReference section */

/* Begin PBXFrameworksBuildPhase section */
		C5503A3526BA82580002012B /* Frameworks */ = {
			isa = PBXFrameworksBuildPhase;
			buildActionMask = 2147483647;
			files = (
				D0EE75F5292BAF1A005D3094 /* Pods_StripeTestApp.framework in Frameworks */,
			);
			runOnlyForDeploymentPostprocessing = 0;
		};
/* End PBXFrameworksBuildPhase section */

/* Begin PBXGroup section */
		06625870D5EA5BF372585DEA /* Frameworks */ = {
			isa = PBXGroup;
			children = (
				31B3AEFBAB73F7EC28FA8DD8 /* Pods_StripeTestApp.framework */,
			);
			name = Frameworks;
			sourceTree = "<group>";
		};
		C5503A2F26BA82580002012B = {
			isa = PBXGroup;
			children = (
				D0DE248A292FD7AB00553CB4 /* R.generated.swift */,
				C5503A3A26BA82580002012B /* StripeTestApp */,
				C5503A3926BA82580002012B /* Products */,
				FB0B460DA39E6C9C8A142CC3 /* Pods */,
				06625870D5EA5BF372585DEA /* Frameworks */,
			);
			sourceTree = "<group>";
		};
		C5503A3926BA82580002012B /* Products */ = {
			isa = PBXGroup;
			children = (
				C5503A3826BA82580002012B /* StripeTestApp.app */,
			);
			name = Products;
			sourceTree = "<group>";
		};
		C5503A3A26BA82580002012B /* StripeTestApp */ = {
			isa = PBXGroup;
			children = (
				D07234E32934E49B0002765C /* Services & Fabrics */,
				D07234D22934B0060002765C /* Extension */,
				D0A795EE292F921C0007BB96 /* Models */,
				D0A795DF292BC89D0007BB96 /* Networking */,
				C5503A5326BD33FF0002012B /* StripeTestApp.entitlements */,
				C5503A3B26BA82580002012B /* AppDelegate.swift */,
				C5503A3F26BA82580002012B /* ViewController.swift */,
				C5503A4F26BAECF60002012B /* ApplePayVС.swift */,
				C5503A4126BA82580002012B /* Main.storyboard */,
				C5503A4426BA825F0002012B /* Assets.xcassets */,
				C5503A4626BA825F0002012B /* LaunchScreen.storyboard */,
				C5503A4926BA825F0002012B /* Info.plist */,
				D0A795F9292FBDD20007BB96 /* PayViaCCVC.swift */,
				D0DE24922931127E00553CB4 /* CreditCardListVC.swift */,
				D0DE247A292FCB2600553CB4 /* ProgressHUD.swift */,
				D0DE2486292FD61200553CB4 /* Localizable.strings */,
				D0DE2494293113C200553CB4 /* UIRefreshControlExtension.swift */,
				D07234D72934D45A0002765C /* EmptyCreditCardListView.xib */,
				D07234D92934D46C0002765C /* EmptyCreditCardListView.swift */,
				D07234DD2934DAF50002765C /* AmountTextField.swift */,
			);
			path = StripeTestApp;
			sourceTree = "<group>";
		};
		D07234D22934B0060002765C /* Extension */ = {
			isa = PBXGroup;
			children = (
				D07234D32934B01B0002765C /* UIAlertAction+Ext.swift */,
				D07234D52934B02E0002765C /* UIViewController+Ext.swift */,
				D07234DB2934D4AA0002765C /* NSObject+Ext.swift */,
				D07234E62934EDE10002765C /* CharacterSet+Ext.swift */,
			);
			path = Extension;
			sourceTree = "<group>";
		};
		D07234E32934E49B0002765C /* Services & Fabrics */ = {
			isa = PBXGroup;
			children = (
				D07234E42934E4B20002765C /* SCCModelFabric.swift */,
			);
			path = "Services & Fabrics";
			sourceTree = "<group>";
		};
		D0A795DF292BC89D0007BB96 /* Networking */ = {
			isa = PBXGroup;
			children = (
				D0A795E4292BCB1D0007BB96 /* Common */,
				D0A795E0292BC8AE0007BB96 /* Server side networking */,
			);
			path = Networking;
			sourceTree = "<group>";
		};
		D0A795E0292BC8AE0007BB96 /* Server side networking */ = {
			isa = PBXGroup;
			children = (
				D0A795E2292BC9010007BB96 /* ServerNetworkManager.swift */,
				D0A795E9292F7EAB0007BB96 /* Providers */,
			);
			path = "Server side networking";
			sourceTree = "<group>";
		};
		D0A795E4292BCB1D0007BB96 /* Common */ = {
			isa = PBXGroup;
			children = (
				D0A795E5292BCB280007BB96 /* URLRequestBuilder.swift */,
				D0A795E7292BD3250007BB96 /* ProviderManager.swift */,
			);
			path = Common;
			sourceTree = "<group>";
		};
		D0A795E9292F7EAB0007BB96 /* Providers */ = {
			isa = PBXGroup;
			children = (
				D0A795EA292F7EBF0007BB96 /* CustomerProvider.swift */,
				D0A795EC292F846A0007BB96 /* PaymentIntentProvider.swift */,
				D0DE248C2931112F00553CB4 /* PaymentMethodsProvider.swift */,
			);
			path = Providers;
			sourceTree = "<group>";
		};
		D0A795EE292F921C0007BB96 /* Models */ = {
			isa = PBXGroup;
			children = (
				D0A795EF292F923B0007BB96 /* Customer.swift */,
				D0A795F1292F92A10007BB96 /* CreatePaymentIntent.swift */,
				D0A795F3292F92B60007BB96 /* CustomerResponse.swift */,
				D0A795F5292F92C50007BB96 /* PaymentIntent.swift */,
				D0A795F7292FA4930007BB96 /* Constants.swift */,
				D0DE248E2931114600553CB4 /* CreditCard.swift */,
				D0DE24902931115300553CB4 /* PaymentMethodsResponse.swift */,
				D07234DF2934E4820002765C /* ShouldChangeCharacterModel.swift */,
			);
			path = Models;
			sourceTree = "<group>";
		};
		FB0B460DA39E6C9C8A142CC3 /* Pods */ = {
			isa = PBXGroup;
			children = (
				A0393525177716BFF560B185 /* Pods-StripeTestApp.debug.xcconfig */,
				A5035603BDF115D26D811066 /* Pods-StripeTestApp.release.xcconfig */,
			);
			path = Pods;
			sourceTree = "<group>";
		};
/* End PBXGroup section */

/* Begin PBXNativeTarget section */
		C5503A3726BA82580002012B /* StripeTestApp */ = {
			isa = PBXNativeTarget;
			buildConfigurationList = C5503A4C26BA825F0002012B /* Build configuration list for PBXNativeTarget "StripeTestApp" */;
			buildPhases = (
				D0DE2487292FD6D900553CB4 /* R.swift */,
				748AF0AC020E6BE9B56B1C24 /* [CP] Check Pods Manifest.lock */,
				C5503A3426BA82580002012B /* Sources */,
				C5503A3526BA82580002012B /* Frameworks */,
				C5503A3626BA82580002012B /* Resources */,
				6BB4D9BCB21B9D73C66D8E72 /* [CP] Embed Pods Frameworks */,
			);
			buildRules = (
			);
			dependencies = (
			);
			name = StripeTestApp;
			productName = StripeTestApp;
			productReference = C5503A3826BA82580002012B /* StripeTestApp.app */;
			productType = "com.apple.product-type.application";
		};
/* End PBXNativeTarget section */

/* Begin PBXProject section */
		C5503A3026BA82580002012B /* Project object */ = {
			isa = PBXProject;
			attributes = {
				LastSwiftUpdateCheck = 1250;
				LastUpgradeCheck = 1250;
				TargetAttributes = {
					C5503A3726BA82580002012B = {
						CreatedOnToolsVersion = 12.5.1;
					};
				};
			};
			buildConfigurationList = C5503A3326BA82580002012B /* Build configuration list for PBXProject "StripeTestApp" */;
			compatibilityVersion = "Xcode 9.3";
			developmentRegion = en;
			hasScannedForEncodings = 0;
			knownRegions = (
				en,
				Base,
			);
			mainGroup = C5503A2F26BA82580002012B;
			productRefGroup = C5503A3926BA82580002012B /* Products */;
			projectDirPath = "";
			projectRoot = "";
			targets = (
				C5503A3726BA82580002012B /* StripeTestApp */,
			);
		};
/* End PBXProject section */

/* Begin PBXResourcesBuildPhase section */
		C5503A3626BA82580002012B /* Resources */ = {
			isa = PBXResourcesBuildPhase;
			buildActionMask = 2147483647;
			files = (
				C5503A4826BA825F0002012B /* LaunchScreen.storyboard in Resources */,
				C5503A4526BA825F0002012B /* Assets.xcassets in Resources */,
				D0DE2484292FD61200553CB4 /* Localizable.strings in Resources */,
				D07234D82934D45A0002765C /* EmptyCreditCardListView.xib in Resources */,
				C5503A4326BA82580002012B /* Main.storyboard in Resources */,
			);
			runOnlyForDeploymentPostprocessing = 0;
		};
/* End PBXResourcesBuildPhase section */

/* Begin PBXShellScriptBuildPhase section */
		6BB4D9BCB21B9D73C66D8E72 /* [CP] Embed Pods Frameworks */ = {
			isa = PBXShellScriptBuildPhase;
			buildActionMask = 2147483647;
			files = (
			);
			inputFileListPaths = (
				"${PODS_ROOT}/Target Support Files/Pods-StripeTestApp/Pods-StripeTestApp-frameworks-${CONFIGURATION}-input-files.xcfilelist",
			);
			name = "[CP] Embed Pods Frameworks";
			outputFileListPaths = (
				"${PODS_ROOT}/Target Support Files/Pods-StripeTestApp/Pods-StripeTestApp-frameworks-${CONFIGURATION}-output-files.xcfilelist",
			);
			runOnlyForDeploymentPostprocessing = 0;
			shellPath = /bin/sh;
			shellScript = "\"${PODS_ROOT}/Target Support Files/Pods-StripeTestApp/Pods-StripeTestApp-frameworks.sh\"\n";
			showEnvVarsInLog = 0;
		};
		748AF0AC020E6BE9B56B1C24 /* [CP] Check Pods Manifest.lock */ = {
			isa = PBXShellScriptBuildPhase;
			buildActionMask = 2147483647;
			files = (
			);
			inputFileListPaths = (
			);
			inputPaths = (
				"${PODS_PODFILE_DIR_PATH}/Podfile.lock",
				"${PODS_ROOT}/Manifest.lock",
			);
			name = "[CP] Check Pods Manifest.lock";
			outputFileListPaths = (
			);
			outputPaths = (
				"$(DERIVED_FILE_DIR)/Pods-StripeTestApp-checkManifestLockResult.txt",
			);
			runOnlyForDeploymentPostprocessing = 0;
			shellPath = /bin/sh;
			shellScript = "diff \"${PODS_PODFILE_DIR_PATH}/Podfile.lock\" \"${PODS_ROOT}/Manifest.lock\" > /dev/null\nif [ $? != 0 ] ; then\n    # print error to STDERR\n    echo \"error: The sandbox is not in sync with the Podfile.lock. Run 'pod install' or update your CocoaPods installation.\" >&2\n    exit 1\nfi\n# This output is used by Xcode 'outputs' to avoid re-running this script phase.\necho \"SUCCESS\" > \"${SCRIPT_OUTPUT_FILE_0}\"\n";
			showEnvVarsInLog = 0;
		};
		D0DE2487292FD6D900553CB4 /* R.swift */ = {
			isa = PBXShellScriptBuildPhase;
			alwaysOutOfDate = 1;
			buildActionMask = 2147483647;
			files = (
			);
			inputFileListPaths = (
			);
			inputPaths = (
			);
			name = R.swift;
			outputFileListPaths = (
			);
			outputPaths = (
				$SRCROOT/R.generated.swift,
			);
			runOnlyForDeploymentPostprocessing = 0;
			shellPath = /bin/sh;
			shellScript = "\"$PODS_ROOT/R.swift/rswift\" generate \"$SRCROOT/R.generated.swift\"\n";
		};
/* End PBXShellScriptBuildPhase section */

/* Begin PBXSourcesBuildPhase section */
		C5503A3426BA82580002012B /* Sources */ = {
			isa = PBXSourcesBuildPhase;
			buildActionMask = 2147483647;
			files = (
				D0A795E8292BD3250007BB96 /* ProviderManager.swift in Sources */,
				D0DE2495293113C200553CB4 /* UIRefreshControlExtension.swift in Sources */,
				D0A795ED292F846A0007BB96 /* PaymentIntentProvider.swift in Sources */,
				D0A795F6292F92C50007BB96 /* PaymentIntent.swift in Sources */,
				D07234E72934EDE10002765C /* CharacterSet+Ext.swift in Sources */,
				C5503A4026BA82580002012B /* ViewController.swift in Sources */,
				D07234DE2934DAF50002765C /* AmountTextField.swift in Sources */,
				D07234D62934B02E0002765C /* UIViewController+Ext.swift in Sources */,
				D0A795E6292BCB280007BB96 /* URLRequestBuilder.swift in Sources */,
				D07234DA2934D46C0002765C /* EmptyCreditCardListView.swift in Sources */,
				D0A795E3292BC9010007BB96 /* ServerNetworkManager.swift in Sources */,
				C5503A5026BAECF70002012B /* ApplePayVС.swift in Sources */,
				D07234D42934B01B0002765C /* UIAlertAction+Ext.swift in Sources */,
				D07234E52934E4B20002765C /* SCCModelFabric.swift in Sources */,
				D0A795F8292FA4930007BB96 /* Constants.swift in Sources */,
				D0DE24932931127E00553CB4 /* CreditCardListVC.swift in Sources */,
				D0DE247B292FCB2600553CB4 /* ProgressHUD.swift in Sources */,
				D0DE248F2931114600553CB4 /* CreditCard.swift in Sources */,
				D0A795F2292F92A10007BB96 /* CreatePaymentIntent.swift in Sources */,
				D07234E02934E4820002765C /* ShouldChangeCharacterModel.swift in Sources */,
				D0A795F0292F923B0007BB96 /* Customer.swift in Sources */,
				D0DE248B292FD7AB00553CB4 /* R.generated.swift in Sources */,
				D0A795FA292FBDD20007BB96 /* PayViaCCVC.swift in Sources */,
				D0DE248D2931112F00553CB4 /* PaymentMethodsProvider.swift in Sources */,
				C5503A3C26BA82580002012B /* AppDelegate.swift in Sources */,
				D07234DC2934D4AA0002765C /* NSObject+Ext.swift in Sources */,
				D0DE24912931115300553CB4 /* PaymentMethodsResponse.swift in Sources */,
				D0A795F4292F92B60007BB96 /* CustomerResponse.swift in Sources */,
				D0A795EB292F7EBF0007BB96 /* CustomerProvider.swift in Sources */,
			);
			runOnlyForDeploymentPostprocessing = 0;
		};
/* End PBXSourcesBuildPhase section */

/* Begin PBXVariantGroup section */
		C5503A4126BA82580002012B /* Main.storyboard */ = {
			isa = PBXVariantGroup;
			children = (
				D0DE247E292FD59B00553CB4 /* Base */,
			);
			name = Main.storyboard;
			sourceTree = "<group>";
		};
		C5503A4626BA825F0002012B /* LaunchScreen.storyboard */ = {
			isa = PBXVariantGroup;
			children = (
				D0DE247F292FD59B00553CB4 /* Base */,
			);
			name = LaunchScreen.storyboard;
			sourceTree = "<group>";
		};
		D0DE2486292FD61200553CB4 /* Localizable.strings */ = {
			isa = PBXVariantGroup;
			children = (
				D0DE2485292FD61200553CB4 /* en */,
			);
			name = Localizable.strings;
			sourceTree = "<group>";
		};
/* End PBXVariantGroup section */

/* Begin XCBuildConfiguration section */
		C5503A4A26BA825F0002012B /* Debug */ = {
			isa = XCBuildConfiguration;
			buildSettings = {
				ALWAYS_SEARCH_USER_PATHS = NO;
				CLANG_ANALYZER_LOCALIZABILITY_NONLOCALIZED = YES;
				CLANG_ANALYZER_NONNULL = YES;
				CLANG_ANALYZER_NUMBER_OBJECT_CONVERSION = YES_AGGRESSIVE;
				CLANG_CXX_LANGUAGE_STANDARD = "gnu++14";
				CLANG_CXX_LIBRARY = "libc++";
				CLANG_ENABLE_MODULES = YES;
				CLANG_ENABLE_OBJC_ARC = YES;
				CLANG_ENABLE_OBJC_WEAK = YES;
				CLANG_WARN_BLOCK_CAPTURE_AUTORELEASING = YES;
				CLANG_WARN_BOOL_CONVERSION = YES;
				CLANG_WARN_COMMA = YES;
				CLANG_WARN_CONSTANT_CONVERSION = YES;
				CLANG_WARN_DEPRECATED_OBJC_IMPLEMENTATIONS = YES;
				CLANG_WARN_DIRECT_OBJC_ISA_USAGE = YES_ERROR;
				CLANG_WARN_DOCUMENTATION_COMMENTS = YES;
				CLANG_WARN_EMPTY_BODY = YES;
				CLANG_WARN_ENUM_CONVERSION = YES;
				CLANG_WARN_INFINITE_RECURSION = YES;
				CLANG_WARN_INT_CONVERSION = YES;
				CLANG_WARN_NON_LITERAL_NULL_CONVERSION = YES;
				CLANG_WARN_OBJC_IMPLICIT_RETAIN_SELF = YES;
				CLANG_WARN_OBJC_LITERAL_CONVERSION = YES;
				CLANG_WARN_OBJC_ROOT_CLASS = YES_ERROR;
				CLANG_WARN_QUOTED_INCLUDE_IN_FRAMEWORK_HEADER = YES;
				CLANG_WARN_RANGE_LOOP_ANALYSIS = YES;
				CLANG_WARN_STRICT_PROTOTYPES = YES;
				CLANG_WARN_SUSPICIOUS_MOVE = YES;
				CLANG_WARN_UNGUARDED_AVAILABILITY = YES_AGGRESSIVE;
				CLANG_WARN_UNREACHABLE_CODE = YES;
				CLANG_WARN__DUPLICATE_METHOD_MATCH = YES;
				COPY_PHASE_STRIP = NO;
				DEBUG_INFORMATION_FORMAT = dwarf;
				ENABLE_STRICT_OBJC_MSGSEND = YES;
				ENABLE_TESTABILITY = YES;
				GCC_C_LANGUAGE_STANDARD = gnu11;
				GCC_DYNAMIC_NO_PIC = NO;
				GCC_NO_COMMON_BLOCKS = YES;
				GCC_OPTIMIZATION_LEVEL = 0;
				GCC_PREPROCESSOR_DEFINITIONS = (
					"DEBUG=1",
					"$(inherited)",
				);
				GCC_WARN_64_TO_32_BIT_CONVERSION = YES;
				GCC_WARN_ABOUT_RETURN_TYPE = YES_ERROR;
				GCC_WARN_UNDECLARED_SELECTOR = YES;
				GCC_WARN_UNINITIALIZED_AUTOS = YES_AGGRESSIVE;
				GCC_WARN_UNUSED_FUNCTION = YES;
				GCC_WARN_UNUSED_VARIABLE = YES;
				IPHONEOS_DEPLOYMENT_TARGET = 13.0;
				MTL_ENABLE_DEBUG_INFO = INCLUDE_SOURCE;
				MTL_FAST_MATH = YES;
				ONLY_ACTIVE_ARCH = YES;
				SDKROOT = iphoneos;
				SWIFT_ACTIVE_COMPILATION_CONDITIONS = DEBUG;
				SWIFT_OPTIMIZATION_LEVEL = "-Onone";
			};
			name = Debug;
		};
		C5503A4B26BA825F0002012B /* Release */ = {
			isa = XCBuildConfiguration;
			buildSettings = {
				ALWAYS_SEARCH_USER_PATHS = NO;
				CLANG_ANALYZER_LOCALIZABILITY_NONLOCALIZED = YES;
				CLANG_ANALYZER_NONNULL = YES;
				CLANG_ANALYZER_NUMBER_OBJECT_CONVERSION = YES_AGGRESSIVE;
				CLANG_CXX_LANGUAGE_STANDARD = "gnu++14";
				CLANG_CXX_LIBRARY = "libc++";
				CLANG_ENABLE_MODULES = YES;
				CLANG_ENABLE_OBJC_ARC = YES;
				CLANG_ENABLE_OBJC_WEAK = YES;
				CLANG_WARN_BLOCK_CAPTURE_AUTORELEASING = YES;
				CLANG_WARN_BOOL_CONVERSION = YES;
				CLANG_WARN_COMMA = YES;
				CLANG_WARN_CONSTANT_CONVERSION = YES;
				CLANG_WARN_DEPRECATED_OBJC_IMPLEMENTATIONS = YES;
				CLANG_WARN_DIRECT_OBJC_ISA_USAGE = YES_ERROR;
				CLANG_WARN_DOCUMENTATION_COMMENTS = YES;
				CLANG_WARN_EMPTY_BODY = YES;
				CLANG_WARN_ENUM_CONVERSION = YES;
				CLANG_WARN_INFINITE_RECURSION = YES;
				CLANG_WARN_INT_CONVERSION = YES;
				CLANG_WARN_NON_LITERAL_NULL_CONVERSION = YES;
				CLANG_WARN_OBJC_IMPLICIT_RETAIN_SELF = YES;
				CLANG_WARN_OBJC_LITERAL_CONVERSION = YES;
				CLANG_WARN_OBJC_ROOT_CLASS = YES_ERROR;
				CLANG_WARN_QUOTED_INCLUDE_IN_FRAMEWORK_HEADER = YES;
				CLANG_WARN_RANGE_LOOP_ANALYSIS = YES;
				CLANG_WARN_STRICT_PROTOTYPES = YES;
				CLANG_WARN_SUSPICIOUS_MOVE = YES;
				CLANG_WARN_UNGUARDED_AVAILABILITY = YES_AGGRESSIVE;
				CLANG_WARN_UNREACHABLE_CODE = YES;
				CLANG_WARN__DUPLICATE_METHOD_MATCH = YES;
				COPY_PHASE_STRIP = NO;
				DEBUG_INFORMATION_FORMAT = "dwarf-with-dsym";
				ENABLE_NS_ASSERTIONS = NO;
				ENABLE_STRICT_OBJC_MSGSEND = YES;
				GCC_C_LANGUAGE_STANDARD = gnu11;
				GCC_NO_COMMON_BLOCKS = YES;
				GCC_WARN_64_TO_32_BIT_CONVERSION = YES;
				GCC_WARN_ABOUT_RETURN_TYPE = YES_ERROR;
				GCC_WARN_UNDECLARED_SELECTOR = YES;
				GCC_WARN_UNINITIALIZED_AUTOS = YES_AGGRESSIVE;
				GCC_WARN_UNUSED_FUNCTION = YES;
				GCC_WARN_UNUSED_VARIABLE = YES;
				IPHONEOS_DEPLOYMENT_TARGET = 13.0;
				MTL_ENABLE_DEBUG_INFO = NO;
				MTL_FAST_MATH = YES;
				SDKROOT = iphoneos;
				SWIFT_COMPILATION_MODE = wholemodule;
				SWIFT_OPTIMIZATION_LEVEL = "-O";
				VALIDATE_PRODUCT = YES;
			};
			name = Release;
		};
		C5503A4D26BA825F0002012B /* Debug */ = {
			isa = XCBuildConfiguration;
			baseConfigurationReference = A0393525177716BFF560B185 /* Pods-StripeTestApp.debug.xcconfig */;
			buildSettings = {
				ASSETCATALOG_COMPILER_APPICON_NAME = AppIcon;
				ASSETCATALOG_COMPILER_GLOBAL_ACCENT_COLOR_NAME = AccentColor;
				CODE_SIGN_ENTITLEMENTS = StripeTestApp/StripeTestApp.entitlements;
				CODE_SIGN_STYLE = Automatic;
				DEVELOPMENT_TEAM = 46V775Z749;
				INFOPLIST_FILE = StripeTestApp/Info.plist;
				IPHONEOS_DEPLOYMENT_TARGET = 13.0;
				LD_RUNPATH_SEARCH_PATHS = (
					"$(inherited)",
					"@executable_path/Frameworks",
				);
				PRODUCT_BUNDLE_IDENTIFIER = com.experiwear.ios;
				PRODUCT_NAME = "$(TARGET_NAME)";
				SWIFT_VERSION = 5.0;
				TARGETED_DEVICE_FAMILY = "1,2";
			};
			name = Debug;
		};
		C5503A4E26BA825F0002012B /* Release */ = {
			isa = XCBuildConfiguration;
			baseConfigurationReference = A5035603BDF115D26D811066 /* Pods-StripeTestApp.release.xcconfig */;
			buildSettings = {
				ASSETCATALOG_COMPILER_APPICON_NAME = AppIcon;
				ASSETCATALOG_COMPILER_GLOBAL_ACCENT_COLOR_NAME = AccentColor;
				CODE_SIGN_ENTITLEMENTS = StripeTestApp/StripeTestApp.entitlements;
				CODE_SIGN_STYLE = Automatic;
				DEVELOPMENT_TEAM = 46V775Z749;
				INFOPLIST_FILE = StripeTestApp/Info.plist;
				IPHONEOS_DEPLOYMENT_TARGET = 13.0;
				LD_RUNPATH_SEARCH_PATHS = (
					"$(inherited)",
					"@executable_path/Frameworks",
				);
				PRODUCT_BUNDLE_IDENTIFIER = com.experiwear.ios;
				PRODUCT_NAME = "$(TARGET_NAME)";
				SWIFT_VERSION = 5.0;
				TARGETED_DEVICE_FAMILY = "1,2";
			};
			name = Release;
		};
/* End XCBuildConfiguration section */

/* Begin XCConfigurationList section */
		C5503A3326BA82580002012B /* Build configuration list for PBXProject "StripeTestApp" */ = {
			isa = XCConfigurationList;
			buildConfigurations = (
				C5503A4A26BA825F0002012B /* Debug */,
				C5503A4B26BA825F0002012B /* Release */,
			);
			defaultConfigurationIsVisible = 0;
			defaultConfigurationName = Release;
		};
		C5503A4C26BA825F0002012B /* Build configuration list for PBXNativeTarget "StripeTestApp" */ = {
			isa = XCConfigurationList;
			buildConfigurations = (
				C5503A4D26BA825F0002012B /* Debug */,
				C5503A4E26BA825F0002012B /* Release */,
			);
			defaultConfigurationIsVisible = 0;
			defaultConfigurationName = Release;
		};
/* End XCConfigurationList section */
	};
	rootObject = C5503A3026BA82580002012B /* Project object */;
}
